<?xml version="1.0" encoding="utf-8"?>
<Project ToolsVersion="4.0" xmlns="http://schemas.microsoft.com/developer/msbuild/2003">
  <ItemGroup>
    <Filter Include="Source Files">
      <UniqueIdentifier>{4FC737F1-C7A5-4376-A066-2A32D752A2FF}</UniqueIdentifier>
      <Extensions>cpp;c;cc;cxx;def;odl;idl;hpj;bat;asm;asmx</Extensions>
    </Filter>
    <Filter Include="Header Files">
      <UniqueIdentifier>{93995380-89BD-4b04-88EB-625FBE52EBFB}</UniqueIdentifier>
      <Extensions>h;hh;hpp;hxx;hm;inl;inc;xsd</Extensions>
    </Filter>
    <Filter Include="Resource Files">
      <UniqueIdentifier>{67DA6AB6-F800-4c08-8B7A-83BB121AAD01}</UniqueIdentifier>
      <Extensions>rc;ico;cur;bmp;dlg;rc2;rct;bin;rgs;gif;jpg;jpeg;jpe;resx;tiff;tif;png;wav;mfcribbon-ms</Extensions>
    </Filter>
    <Filter Include="PIDL Files">
      <UniqueIdentifier>{3049cf9e-626e-4fc9-9af1-5b718696c1d4}</UniqueIdentifier>
    </Filter>
  </ItemGroup>
  <ItemGroup>
    <ClInclude Include="include\components\component.h">
      <Filter>Header Files</Filter>
    </ClInclude>
    <ClInclude Include="include\components\component_type.h">
      <Filter>Header Files</Filter>
    </ClInclude>
    <ClInclude Include="include\components\layer.h">
      <Filter>Header Files</Filter>
    </ClInclude>
    <ClInclude Include="include\components\living.h">
      <Filter>Header Files</Filter>
    </ClInclude>
    <ClInclude Include="include\components\movable.h">
      <Filter>Header Files</Filter>
    </ClInclude>
    <ClInclude Include="include\components\obtainable.h">
      <Filter>Header Files</Filter>
    </ClInclude>
    <ClInclude Include="include\components\placeable.h">
      <Filter>Header Files</Filter>
    </ClInclude>
    <ClInclude Include="include\components\projectile_component.h">
      <Filter>Header Files</Filter>
    </ClInclude>
    <ClInclude Include="include\components\projectile_weapon_component.h">
      <Filter>Header Files</Filter>
    </ClInclude>
    <ClInclude Include="include\components\recorder.h">
      <Filter>Header Files</Filter>
    </ClInclude>
    <ClInclude Include="include\components\weapon_component.h">
      <Filter>Header Files</Filter>
    </ClInclude>
    <ClInclude Include="include\gameobject\character\character.h">
      <Filter>Header Files</Filter>
    </ClInclude>
    <ClInclude Include="include\gameobject\character\character_record.h">
      <Filter>Header Files</Filter>
    </ClInclude>
    <ClInclude Include="include\gameobject\character\character_recorder.h">
      <Filter>Header Files</Filter>
    </ClInclude>
    <ClInclude Include="include\gameobject\game_object.h">
      <Filter>Header Files</Filter>
    </ClInclude>
    <ClInclude Include="include\gameobject\game_object_type.h">
      <Filter>Header Files</Filter>
    </ClInclude>
    <ClInclude Include="include\gameobject\projectile.h">
      <Filter>Header Files</Filter>
    </ClInclude>
    <ClInclude Include="include\gameobject\projectile_weapon.h">
      <Filter>Header Files</Filter>
    </ClInclude>
    <ClInclude Include="include\gameobject\static_collider.h">
      <Filter>Header Files</Filter>
    </ClInclude>
    <ClInclude Include="include\gameobject\weapon.h">
      <Filter>Header Files</Filter>
    </ClInclude>
    <ClInclude Include="include\gameobject\weapon_factory.h">
      <Filter>Header Files</Filter>
    </ClInclude>
    <ClInclude Include="include\logger\logger.h">
      <Filter>Header Files</Filter>
    </ClInclude>
    <ClInclude Include="include\network\proud_server.h">
      <Filter>Header Files</Filter>
    </ClInclude>
    <ClInclude Include="include\world\player.h">
      <Filter>Header Files</Filter>
    </ClInclude>
    <ClInclude Include="include\world\world.h">
      <Filter>Header Files</Filter>
    </ClInclude>
    <ClInclude Include="include\global.h">
      <Filter>Header Files</Filter>
    </ClInclude>
    <ClInclude Include="include\math_helper.h">
      <Filter>Header Files</Filter>
    </ClInclude>
    <ClInclude Include="include\world_time.h">
      <Filter>Header Files</Filter>
    </ClInclude>
    <ClInclude Include="include\network\player_input_packet.h">
      <Filter>Header Files</Filter>
    </ClInclude>
  </ItemGroup>
  <ItemGroup>
    <ClCompile Include="src\components\component.cpp">
      <Filter>Source Files</Filter>
    </ClCompile>
    <ClCompile Include="src\components\living.cpp">
      <Filter>Source Files</Filter>
    </ClCompile>
    <ClCompile Include="src\components\placeable.cpp">
      <Filter>Source Files</Filter>
    </ClCompile>
    <ClCompile Include="src\components\projectile_component.cpp">
      <Filter>Source Files</Filter>
    </ClCompile>
    <ClCompile Include="src\components\projectile_weapon_component.cpp">
      <Filter>Source Files</Filter>
    </ClCompile>
    <ClCompile Include="src\gameobject\character\character.cpp">
      <Filter>Source Files</Filter>
    </ClCompile>
    <ClCompile Include="src\gameobject\character\character_recorder.cpp">
      <Filter>Source Files</Filter>
    </ClCompile>
    <ClCompile Include="src\gameobject\game_object.cpp">
      <Filter>Source Files</Filter>
    </ClCompile>
    <ClCompile Include="src\gameobject\projectile.cpp">
      <Filter>Source Files</Filter>
    </ClCompile>
    <ClCompile Include="src\gameobject\projectile_weapon.cpp">
      <Filter>Source Files</Filter>
    </ClCompile>
    <ClCompile Include="src\gameobject\static_collider.cpp">
      <Filter>Source Files</Filter>
    </ClCompile>
    <ClCompile Include="src\gameobject\weapon.cpp">
      <Filter>Source Files</Filter>
    </ClCompile>
    <ClCompile Include="src\gameobject\weapon_factory.cpp">
      <Filter>Source Files</Filter>
    </ClCompile>
    <ClCompile Include="src\logger\logger.cpp">
      <Filter>Source Files</Filter>
    </ClCompile>
    <ClCompile Include="src\network\proud_server.cpp">
      <Filter>Source Files</Filter>
    </ClCompile>
    <ClCompile Include="src\world\player.cpp">
      <Filter>Source Files</Filter>
    </ClCompile>
    <ClCompile Include="src\world\world.cpp">
      <Filter>Source Files</Filter>
    </ClCompile>
    <ClCompile Include="src\math_helper.cpp">
      <Filter>Source Files</Filter>
    </ClCompile>
    <ClCompile Include="src\world_time.cpp">
      <Filter>Source Files</Filter>
    </ClCompile>
    <ClCompile Include="main.cpp">
      <Filter>Source Files</Filter>
    </ClCompile>
    <ClCompile Include="src\network\player_input_packet.cpp">
      <Filter>Source Files</Filter>
    </ClCompile>
  </ItemGroup>
  <ItemGroup>
    <None Include="src\components\movable.tcc" />
    <None Include="src\components\recorder.tcc" />
  </ItemGroup>
</Project>